# @generated by Move, please check-in and do not edit manually.

[move]
version = 3
manifest_digest = "965EB1D426CA4476168B76D70F0292ECD0CD38C565D37086B3946CF0F7517E9F"
deps_digest = "F8BBB0CCB2491CA29A3DF03D6F92277A4F3574266507ACD77214D37ECA3F3082"
dependencies = [
  { id = "Sui", name = "Sui" },
]

[[move.package]]
id = "MoveStdlib"
source = { local = ".move-cache/https___github_com_MystenLabs_sui_git_d75fae3aa7fa3545b5803980a1e0c965b8bbf48e/crates/sui-framework/packages/move-stdlib" }

[[move.package]]
id = "Sui"
source = { local = ".move-cache/https___github_com_MystenLabs_sui_git_d75fae3aa7fa3545b5803980a1e0c965b8bbf48e/crates/sui-framework/packages/sui-framework" }

dependencies = [
  { id = "MoveStdlib", name = "MoveStdlib" },
]

[move.toolchain-version]
compiler-version = "1.60.0"
edition = "2024.beta"
flavor = "sui"

[env]

[env.testnet]
chain-id = "4c78adac"
original-published-id = "0x2cd00d8113db2fe45b66c0ae0d378ec022639fd1aa3e0218360944dacb11efcd"
latest-published-id = "0x2cd00d8113db2fe45b66c0ae0d378ec022639fd1aa3e0218360944dacb11efcd"
published-version = "1"
